
Microsoft Visual Studio Solution File, Format Version 12.00
# Visual Studio Version 17
VisualStudioVersion = 17.11.35219.272
MinimumVisualStudioVersion = 10.0.40219.1
Project("{FAE04EC0-301F-11D3-BF4B-00C04F79EFBC}") = "GuessNumber_CS", "GuessNumber_CS\GuessNumber_CS.csproj", "{96B9DBC7-F045-40C7-9B19-4A7E1CFA4237}"
EndProject
Project("{FAE04EC0-301F-11D3-BF4B-00C04F79EFBC}") = "Guess_Lib", "Guess_Lib\Guess_Lib.csproj", "{8B17E75E-B25D-4605-831A-B9AFD02B38FB}"
EndProject
Project("{FAE04EC0-301F-11D3-BF4B-00C04F79EFBC}") = "WinFormsApp_GuessNumber", "WinFormsApp_GuessNumber\WinFormsApp_GuessNumber.csproj", "{BF90B572-D025-4E48-A6AD-D2D98B5626CD}"
EndProject
Global
	GlobalSection(SolutionConfigurationPlatforms) = preSolution
		Debug|Any CPU = Debug|Any CPU
		Release|Any CPU = Release|Any CPU
	EndGlobalSection
	GlobalSection(ProjectConfigurationPlatforms) = postSolution
		{96B9DBC7-F045-40C7-9B19-4A7E1CFA4237}.Debug|Any CPU.ActiveCfg = Debug|Any CPU
		{96B9DBC7-F045-40C7-9B19-4A7E1CFA4237}.Debug|Any CPU.Build.0 = Debug|Any CPU
		{96B9DBC7-F045-40C7-9B19-4A7E1CFA4237}.Release|Any CPU.ActiveCfg = Release|Any CPU
		{96B9DBC7-F045-40C7-9B19-4A7E1CFA4237}.Release|Any CPU.Build.0 = Release|Any CPU
		{8B17E75E-B25D-4605-831A-B9AFD02B38FB}.Debug|Any CPU.ActiveCfg = Debug|Any CPU
		{8B17E75E-B25D-4605-831A-B9AFD02B38FB}.Debug|Any CPU.Build.0 = Debug|Any CPU
		{8B17E75E-B25D-4605-831A-B9AFD02B38FB}.Release|Any CPU.ActiveCfg = Release|Any CPU
		{8B17E75E-B25D-4605-831A-B9AFD02B38FB}.Release|Any CPU.Build.0 = Release|Any CPU
		{BF90B572-D025-4E48-A6AD-D2D98B5626CD}.Debug|Any CPU.ActiveCfg = Debug|Any CPU
		{BF90B572-D025-4E48-A6AD-D2D98B5626CD}.Debug|Any CPU.Build.0 = Debug|Any CPU
		{BF90B572-D025-4E48-A6AD-D2D98B5626CD}.Release|Any CPU.ActiveCfg = Release|Any CPU
		{BF90B572-D025-4E48-A6AD-D2D98B5626CD}.Release|Any CPU.Build.0 = Release|Any CPU
	EndGlobalSection
	GlobalSection(SolutionProperties) = preSolution
		HideSolutionNode = FALSE
	EndGlobalSection
	GlobalSection(ExtensibilityGlobals) = postSolution
		SolutionGuid = {84590EB5-625A-44C5-8D8A-C0229255A2C2}
	EndGlobalSection
EndGlobal
